// !$*UTF8*$!
{
	archiveVersion = 1;
	classes = {
	};
	objectVersion = 55;
	objects = {

/* Begin PBXBuildFile section */
		CB09E41D28DA0B8E00358573 /* PointsViews.swift in Sources */ = {isa = PBXBuildFile; fileRef = CB09E41C28DA0B8E00358573 /* PointsViews.swift */; };
		CB09E41F28DA24ED00358573 /* Shapes.swift in Sources */ = {isa = PBXBuildFile; fileRef = CB09E41E28DA24ED00358573 /* Shapes.swift */; };
		CB09E42128E201AC00358573 /* Constants.swift in Sources */ = {isa = PBXBuildFile; fileRef = CB09E42028E201AC00358573 /* Constants.swift */; };
		CB09E42328E2524700358573 /* LeaderboardView.swift in Sources */ = {isa = PBXBuildFile; fileRef = CB09E42228E2524700358573 /* LeaderboardView.swift */; };
		CB123FAC28C8EFDA00819B95 /* BullseyeApp.swift in Sources */ = {isa = PBXBuildFile; fileRef = CB123FAB28C8EFDA00819B95 /* BullseyeApp.swift */; };
		CB123FAE28C8EFDA00819B95 /* ContentView.swift in Sources */ = {isa = PBXBuildFile; fileRef = CB123FAD28C8EFDA00819B95 /* ContentView.swift */; };
		CB123FB028C8EFDC00819B95 /* Assets.xcassets in Resources */ = {isa = PBXBuildFile; fileRef = CB123FAF28C8EFDC00819B95 /* Assets.xcassets */; };
		CB123FB328C8EFDC00819B95 /* Preview Assets.xcassets in Resources */ = {isa = PBXBuildFile; fileRef = CB123FB228C8EFDC00819B95 /* Preview Assets.xcassets */; };
		CB123FBD28CA537500819B95 /* Game.swift in Sources */ = {isa = PBXBuildFile; fileRef = CB123FBC28CA537500819B95 /* Game.swift */; };
		CB8BB10628CFD2F000FBAB67 /* TextViews.swift in Sources */ = {isa = PBXBuildFile; fileRef = CB8BB10528CFD2F000FBAB67 /* TextViews.swift */; };
		CB8BB10A28D2148100FBAB67 /* SliderView.swift in Sources */ = {isa = PBXBuildFile; fileRef = CB8BB10928D2148100FBAB67 /* SliderView.swift */; };
		CB8BB10C28D2153B00FBAB67 /* HitMeButtomView.swift in Sources */ = {isa = PBXBuildFile; fileRef = CB8BB10B28D2153B00FBAB67 /* HitMeButtomView.swift */; };
		CB8BB10E28D2159700FBAB67 /* InstructionsView.swift in Sources */ = {isa = PBXBuildFile; fileRef = CB8BB10D28D2159700FBAB67 /* InstructionsView.swift */; };
		CB8BB11028D221AD00FBAB67 /* RoundedImageView.swift in Sources */ = {isa = PBXBuildFile; fileRef = CB8BB10F28D221AD00FBAB67 /* RoundedImageView.swift */; };
		CB8F172D28D276B9001910E9 /* BackgroundView.swift in Sources */ = {isa = PBXBuildFile; fileRef = CB8F172C28D276B9001910E9 /* BackgroundView.swift */; };
		CBBAC06D28CB95E80062C345 /* BullseyeTests.swift in Sources */ = {isa = PBXBuildFile; fileRef = CBBAC06C28CB95E80062C345 /* BullseyeTests.swift */; };
/* End PBXBuildFile section */

/* Begin PBXContainerItemProxy section */
		CBBAC06E28CB95E80062C345 /* PBXContainerItemProxy */ = {
			isa = PBXContainerItemProxy;
			containerPortal = CB123FA028C8EFDA00819B95 /* Project object */;
			proxyType = 1;
			remoteGlobalIDString = CB123FA728C8EFDA00819B95;
			remoteInfo = Bullseye;
		};
/* End PBXContainerItemProxy section */

/* Begin PBXFileReference section */
		CB09E41C28DA0B8E00358573 /* PointsViews.swift */ = {isa = PBXFileReference; lastKnownFileType = sourcecode.swift; path = PointsViews.swift; sourceTree = "<group>"; };
		CB09E41E28DA24ED00358573 /* Shapes.swift */ = {isa = PBXFileReference; lastKnownFileType = sourcecode.swift; path = Shapes.swift; sourceTree = "<group>"; };
		CB09E42028E201AC00358573 /* Constants.swift */ = {isa = PBXFileReference; lastKnownFileType = sourcecode.swift; path = Constants.swift; sourceTree = "<group>"; };
		CB09E42228E2524700358573 /* LeaderboardView.swift */ = {isa = PBXFileReference; lastKnownFileType = sourcecode.swift; path = LeaderboardView.swift; sourceTree = "<group>"; };
		CB123FA828C8EFDA00819B95 /* Bullseye.app */ = {isa = PBXFileReference; explicitFileType = wrapper.application; includeInIndex = 0; path = Bullseye.app; sourceTree = BUILT_PRODUCTS_DIR; };
		CB123FAB28C8EFDA00819B95 /* BullseyeApp.swift */ = {isa = PBXFileReference; lastKnownFileType = sourcecode.swift; path = BullseyeApp.swift; sourceTree = "<group>"; };
		CB123FAD28C8EFDA00819B95 /* ContentView.swift */ = {isa = PBXFileReference; lastKnownFileType = sourcecode.swift; path = ContentView.swift; sourceTree = "<group>"; };
		CB123FAF28C8EFDC00819B95 /* Assets.xcassets */ = {isa = PBXFileReference; lastKnownFileType = folder.assetcatalog; path = Assets.xcassets; sourceTree = "<group>"; };
		CB123FB228C8EFDC00819B95 /* Preview Assets.xcassets */ = {isa = PBXFileReference; lastKnownFileType = folder.assetcatalog; path = "Preview Assets.xcassets"; sourceTree = "<group>"; };
		CB123FBC28CA537500819B95 /* Game.swift */ = {isa = PBXFileReference; lastKnownFileType = sourcecode.swift; path = Game.swift; sourceTree = "<group>"; };
		CB8BB10528CFD2F000FBAB67 /* TextViews.swift */ = {isa = PBXFileReference; lastKnownFileType = sourcecode.swift; path = TextViews.swift; sourceTree = "<group>"; };
		CB8BB10928D2148100FBAB67 /* SliderView.swift */ = {isa = PBXFileReference; lastKnownFileType = sourcecode.swift; path = SliderView.swift; sourceTree = "<group>"; };
		CB8BB10B28D2153B00FBAB67 /* HitMeButtomView.swift */ = {isa = PBXFileReference; lastKnownFileType = sourcecode.swift; path = HitMeButtomView.swift; sourceTree = "<group>"; };
		CB8BB10D28D2159700FBAB67 /* InstructionsView.swift */ = {isa = PBXFileReference; lastKnownFileType = sourcecode.swift; path = InstructionsView.swift; sourceTree = "<group>"; };
		CB8BB10F28D221AD00FBAB67 /* RoundedImageView.swift */ = {isa = PBXFileReference; lastKnownFileType = sourcecode.swift; path = RoundedImageView.swift; sourceTree = "<group>"; };
		CB8F172C28D276B9001910E9 /* BackgroundView.swift */ = {isa = PBXFileReference; lastKnownFileType = sourcecode.swift; path = BackgroundView.swift; sourceTree = "<group>"; };
		CBBAC06A28CB95E80062C345 /* BullseyeTests.xctest */ = {isa = PBXFileReference; explicitFileType = wrapper.cfbundle; includeInIndex = 0; path = BullseyeTests.xctest; sourceTree = BUILT_PRODUCTS_DIR; };
		CBBAC06C28CB95E80062C345 /* BullseyeTests.swift */ = {isa = PBXFileReference; lastKnownFileType = sourcecode.swift; path = BullseyeTests.swift; sourceTree = "<group>"; };
/* End PBXFileReference section */

/* Begin PBXFrameworksBuildPhase section */
		CB123FA528C8EFDA00819B95 /* Frameworks */ = {
			isa = PBXFrameworksBuildPhase;
			buildActionMask = 2147483647;
			files = (
			);
			runOnlyForDeploymentPostprocessing = 0;
		};
		CBBAC06728CB95E80062C345 /* Frameworks */ = {
			isa = PBXFrameworksBuildPhase;
			buildActionMask = 2147483647;
			files = (
			);
			runOnlyForDeploymentPostprocessing = 0;
		};
/* End PBXFrameworksBuildPhase section */

/* Begin PBXGroup section */
		CB123F9F28C8EFDA00819B95 = {
			isa = PBXGroup;
			children = (
				CB123FAA28C8EFDA00819B95 /* Bullseye */,
				CBBAC06B28CB95E80062C345 /* BullseyeTests */,
				CB123FA928C8EFDA00819B95 /* Products */,
			);
			sourceTree = "<group>";
		};
		CB123FA928C8EFDA00819B95 /* Products */ = {
			isa = PBXGroup;
			children = (
				CB123FA828C8EFDA00819B95 /* Bullseye.app */,
				CBBAC06A28CB95E80062C345 /* BullseyeTests.xctest */,
			);
			name = Products;
			sourceTree = "<group>";
		};
		CB123FAA28C8EFDA00819B95 /* Bullseye */ = {
			isa = PBXGroup;
			children = (
				CB123FBB28CA524600819B95 /* App */,
				CB123FBA28CA523400819B95 /* Views */,
				CB123FB928CA521500819B95 /* Models */,
				CB123FB128C8EFDC00819B95 /* Preview Content */,
			);
			path = Bullseye;
			sourceTree = "<group>";
		};
		CB123FB128C8EFDC00819B95 /* Preview Content */ = {
			isa = PBXGroup;
			children = (
				CB123FB228C8EFDC00819B95 /* Preview Assets.xcassets */,
			);
			path = "Preview Content";
			sourceTree = "<group>";
		};
		CB123FB928CA521500819B95 /* Models */ = {
			isa = PBXGroup;
			children = (
				CB123FBC28CA537500819B95 /* Game.swift */,
				CB09E42028E201AC00358573 /* Constants.swift */,
			);
			path = Models;
			sourceTree = "<group>";
		};
		CB123FBA28CA523400819B95 /* Views */ = {
			isa = PBXGroup;
			children = (
				CB123FAD28C8EFDA00819B95 /* ContentView.swift */,
				CB09E41E28DA24ED00358573 /* Shapes.swift */,
				CB8BB10528CFD2F000FBAB67 /* TextViews.swift */,
				CB8BB10928D2148100FBAB67 /* SliderView.swift */,
				CB8BB10B28D2153B00FBAB67 /* HitMeButtomView.swift */,
				CB8BB10D28D2159700FBAB67 /* InstructionsView.swift */,
				CB8BB10F28D221AD00FBAB67 /* RoundedImageView.swift */,
				CB8F172C28D276B9001910E9 /* BackgroundView.swift */,
				CB09E41C28DA0B8E00358573 /* PointsViews.swift */,
				CB09E42228E2524700358573 /* LeaderboardView.swift */,
			);
			path = Views;
			sourceTree = "<group>";
		};
		CB123FBB28CA524600819B95 /* App */ = {
			isa = PBXGroup;
			children = (
				CB123FAB28C8EFDA00819B95 /* BullseyeApp.swift */,
				CB123FAF28C8EFDC00819B95 /* Assets.xcassets */,
			);
			path = App;
			sourceTree = "<group>";
		};
		CBBAC06B28CB95E80062C345 /* BullseyeTests */ = {
			isa = PBXGroup;
			children = (
				CBBAC06C28CB95E80062C345 /* BullseyeTests.swift */,
			);
			path = BullseyeTests;
			sourceTree = "<group>";
		};
/* End PBXGroup section */

/* Begin PBXNativeTarget section */
		CB123FA728C8EFDA00819B95 /* Bullseye */ = {
			isa = PBXNativeTarget;
			buildConfigurationList = CB123FB628C8EFDC00819B95 /* Build configuration list for PBXNativeTarget "Bullseye" */;
			buildPhases = (
				CB123FA428C8EFDA00819B95 /* Sources */,
				CB123FA528C8EFDA00819B95 /* Frameworks */,
				CB123FA628C8EFDA00819B95 /* Resources */,
			);
			buildRules = (
			);
			dependencies = (
			);
			name = Bullseye;
			productName = Bullseye;
			productReference = CB123FA828C8EFDA00819B95 /* Bullseye.app */;
			productType = "com.apple.product-type.application";
		};
		CBBAC06928CB95E80062C345 /* BullseyeTests */ = {
			isa = PBXNativeTarget;
			buildConfigurationList = CBBAC07028CB95E80062C345 /* Build configuration list for PBXNativeTarget "BullseyeTests" */;
			buildPhases = (
				CBBAC06628CB95E80062C345 /* Sources */,
				CBBAC06728CB95E80062C345 /* Frameworks */,
				CBBAC06828CB95E80062C345 /* Resources */,
			);
			buildRules = (
			);
			dependencies = (
				CBBAC06F28CB95E80062C345 /* PBXTargetDependency */,
			);
			name = BullseyeTests;
			productName = BullseyeTests;
			productReference = CBBAC06A28CB95E80062C345 /* BullseyeTests.xctest */;
			productType = "com.apple.product-type.bundle.unit-test";
		};
/* End PBXNativeTarget section */

/* Begin PBXProject section */
		CB123FA028C8EFDA00819B95 /* Project object */ = {
			isa = PBXProject;
			attributes = {
				BuildIndependentTargetsInParallel = 1;
				LastSwiftUpdateCheck = 1340;
				LastUpgradeCheck = 1340;
				TargetAttributes = {
					CB123FA728C8EFDA00819B95 = {
						CreatedOnToolsVersion = 13.4.1;
					};
					CBBAC06928CB95E80062C345 = {
						CreatedOnToolsVersion = 13.4.1;
						TestTargetID = CB123FA728C8EFDA00819B95;
					};
				};
			};
			buildConfigurationList = CB123FA328C8EFDA00819B95 /* Build configuration list for PBXProject "Bullseye" */;
			compatibilityVersion = "Xcode 13.0";
			developmentRegion = en;
			hasScannedForEncodings = 0;
			knownRegions = (
				en,
				Base,
			);
			mainGroup = CB123F9F28C8EFDA00819B95;
			productRefGroup = CB123FA928C8EFDA00819B95 /* Products */;
			projectDirPath = "";
			projectRoot = "";
			targets = (
				CB123FA728C8EFDA00819B95 /* Bullseye */,
				CBBAC06928CB95E80062C345 /* BullseyeTests */,
			);
		};
/* End PBXProject section */

/* Begin PBXResourcesBuildPhase section */
		CB123FA628C8EFDA00819B95 /* Resources */ = {
			isa = PBXResourcesBuildPhase;
			buildActionMask = 2147483647;
			files = (
				CB123FB328C8EFDC00819B95 /* Preview Assets.xcassets in Resources */,
				CB123FB028C8EFDC00819B95 /* Assets.xcassets in Resources */,
			);
			runOnlyForDeploymentPostprocessing = 0;
		};
		CBBAC06828CB95E80062C345 /* Resources */ = {
			isa = PBXResourcesBuildPhase;
			buildActionMask = 2147483647;
			files = (
			);
			runOnlyForDeploymentPostprocessing = 0;
		};
/* End PBXResourcesBuildPhase section */

/* Begin PBXSourcesBuildPhase section */
		CB123FA428C8EFDA00819B95 /* Sources */ = {
			isa = PBXSourcesBuildPhase;
			buildActionMask = 2147483647;
			files = (
				CB8F172D28D276B9001910E9 /* BackgroundView.swift in Sources */,
				CB09E41D28DA0B8E00358573 /* PointsViews.swift in Sources */,
				CB123FAE28C8EFDA00819B95 /* ContentView.swift in Sources */,
				CB09E42128E201AC00358573 /* Constants.swift in Sources */,
				CB8BB10C28D2153B00FBAB67 /* HitMeButtomView.swift in Sources */,
				CB8BB10628CFD2F000FBAB67 /* TextViews.swift in Sources */,
				CB8BB11028D221AD00FBAB67 /* RoundedImageView.swift in Sources */,
				CB123FBD28CA537500819B95 /* Game.swift in Sources */,
				CB8BB10E28D2159700FBAB67 /* InstructionsView.swift in Sources */,
				CB09E41F28DA24ED00358573 /* Shapes.swift in Sources */,
				CB123FAC28C8EFDA00819B95 /* BullseyeApp.swift in Sources */,
				CB8BB10A28D2148100FBAB67 /* SliderView.swift in Sources */,
				CB09E42328E2524700358573 /* LeaderboardView.swift in Sources */,
			);
			runOnlyForDeploymentPostprocessing = 0;
		};
		CBBAC06628CB95E80062C345 /* Sources */ = {
			isa = PBXSourcesBuildPhase;
			buildActionMask = 2147483647;
			files = (
				CBBAC06D28CB95E80062C345 /* BullseyeTests.swift in Sources */,
			);
			runOnlyForDeploymentPostprocessing = 0;
		};
/* End PBXSourcesBuildPhase section */

/* Begin PBXTargetDependency section */
		CBBAC06F28CB95E80062C345 /* PBXTargetDependency */ = {
			isa = PBXTargetDependency;
			target = CB123FA728C8EFDA00819B95 /* Bullseye */;
			targetProxy = CBBAC06E28CB95E80062C345 /* PBXContainerItemProxy */;
		};
/* End PBXTargetDependency section */

/* Begin XCBuildConfiguration section */
		CB123FB428C8EFDC00819B95 /* Debug */ = {
			isa = XCBuildConfiguration;
			buildSettings = {
				ALWAYS_SEARCH_USER_PATHS = NO;
				CLANG_ANALYZER_NONNULL = YES;
				CLANG_ANALYZER_NUMBER_OBJECT_CONVERSION = YES_AGGRESSIVE;
				CLANG_CXX_LANGUAGE_STANDARD = "gnu++17";
				CLANG_ENABLE_MODULES = YES;
				CLANG_ENABLE_OBJC_ARC = YES;
				CLANG_ENABLE_OBJC_WEAK = YES;
				CLANG_WARN_BLOCK_CAPTURE_AUTORELEASING = YES;
				CLANG_WARN_BOOL_CONVERSION = YES;
				CLANG_WARN_COMMA = YES;
				CLANG_WARN_CONSTANT_CONVERSION = YES;
				CLANG_WARN_DEPRECATED_OBJC_IMPLEMENTATIONS = YES;
				CLANG_WARN_DIRECT_OBJC_ISA_USAGE = YES_ERROR;
				CLANG_WARN_DOCUMENTATION_COMMENTS = YES;
				CLANG_WARN_EMPTY_BODY = YES;
				CLANG_WARN_ENUM_CONVERSION = YES;
				CLANG_WARN_INFINITE_RECURSION = YES;
				CLANG_WARN_INT_CONVERSION = YES;
				CLANG_WARN_NON_LITERAL_NULL_CONVERSION = YES;
				CLANG_WARN_OBJC_IMPLICIT_RETAIN_SELF = YES;
				CLANG_WARN_OBJC_LITERAL_CONVERSION = YES;
				CLANG_WARN_OBJC_ROOT_CLASS = YES_ERROR;
				CLANG_WARN_QUOTED_INCLUDE_IN_FRAMEWORK_HEADER = YES;
				CLANG_WARN_RANGE_LOOP_ANALYSIS = YES;
				CLANG_WARN_STRICT_PROTOTYPES = YES;
				CLANG_WARN_SUSPICIOUS_MOVE = YES;
				CLANG_WARN_UNGUARDED_AVAILABILITY = YES_AGGRESSIVE;
				CLANG_WARN_UNREACHABLE_CODE = YES;
				CLANG_WARN__DUPLICATE_METHOD_MATCH = YES;
				COPY_PHASE_STRIP = NO;
				DEBUG_INFORMATION_FORMAT = dwarf;
				ENABLE_STRICT_OBJC_MSGSEND = YES;
				ENABLE_TESTABILITY = YES;
				GCC_C_LANGUAGE_STANDARD = gnu11;
				GCC_DYNAMIC_NO_PIC = NO;
				GCC_NO_COMMON_BLOCKS = YES;
				GCC_OPTIMIZATION_LEVEL = 0;
				GCC_PREPROCESSOR_DEFINITIONS = (
					"DEBUG=1",
					"$(inherited)",
				);
				GCC_WARN_64_TO_32_BIT_CONVERSION = YES;
				GCC_WARN_ABOUT_RETURN_TYPE = YES_ERROR;
				GCC_WARN_UNDECLARED_SELECTOR = YES;
				GCC_WARN_UNINITIALIZED_AUTOS = YES_AGGRESSIVE;
				GCC_WARN_UNUSED_FUNCTION = YES;
				GCC_WARN_UNUSED_VARIABLE = YES;
				IPHONEOS_DEPLOYMENT_TARGET = 15.5;
				MTL_ENABLE_DEBUG_INFO = INCLUDE_SOURCE;
				MTL_FAST_MATH = YES;
				ONLY_ACTIVE_ARCH = YES;
				SDKROOT = iphoneos;
				SWIFT_ACTIVE_COMPILATION_CONDITIONS = DEBUG;
				SWIFT_OPTIMIZATION_LEVEL = "-Onone";
			};
			name = Debug;
		};
		CB123FB528C8EFDC00819B95 /* Release */ = {
			isa = XCBuildConfiguration;
			buildSettings = {
				ALWAYS_SEARCH_USER_PATHS = NO;
				CLANG_ANALYZER_NONNULL = YES;
				CLANG_ANALYZER_NUMBER_OBJECT_CONVERSION = YES_AGGRESSIVE;
				CLANG_CXX_LANGUAGE_STANDARD = "gnu++17";
				CLANG_ENABLE_MODULES = YES;
				CLANG_ENABLE_OBJC_ARC = YES;
				CLANG_ENABLE_OBJC_WEAK = YES;
				CLANG_WARN_BLOCK_CAPTURE_AUTORELEASING = YES;
				CLANG_WARN_BOOL_CONVERSION = YES;
				CLANG_WARN_COMMA = YES;
				CLANG_WARN_CONSTANT_CONVERSION = YES;
				CLANG_WARN_DEPRECATED_OBJC_IMPLEMENTATIONS = YES;
				CLANG_WARN_DIRECT_OBJC_ISA_USAGE = YES_ERROR;
				CLANG_WARN_DOCUMENTATION_COMMENTS = YES;
				CLANG_WARN_EMPTY_BODY = YES;
				CLANG_WARN_ENUM_CONVERSION = YES;
				CLANG_WARN_INFINITE_RECURSION = YES;
				CLANG_WARN_INT_CONVERSION = YES;
				CLANG_WARN_NON_LITERAL_NULL_CONVERSION = YES;
				CLANG_WARN_OBJC_IMPLICIT_RETAIN_SELF = YES;
				CLANG_WARN_OBJC_LITERAL_CONVERSION = YES;
				CLANG_WARN_OBJC_ROOT_CLASS = YES_ERROR;
				CLANG_WARN_QUOTED_INCLUDE_IN_FRAMEWORK_HEADER = YES;
				CLANG_WARN_RANGE_LOOP_ANALYSIS = YES;
				CLANG_WARN_STRICT_PROTOTYPES = YES;
				CLANG_WARN_SUSPICIOUS_MOVE = YES;
				CLANG_WARN_UNGUARDED_AVAILABILITY = YES_AGGRESSIVE;
				CLANG_WARN_UNREACHABLE_CODE = YES;
				CLANG_WARN__DUPLICATE_METHOD_MATCH = YES;
				COPY_PHASE_STRIP = NO;
				DEBUG_INFORMATION_FORMAT = "dwarf-with-dsym";
				ENABLE_NS_ASSERTIONS = NO;
				ENABLE_STRICT_OBJC_MSGSEND = YES;
				GCC_C_LANGUAGE_STANDARD = gnu11;
				GCC_NO_COMMON_BLOCKS = YES;
				GCC_WARN_64_TO_32_BIT_CONVERSION = YES;
				GCC_WARN_ABOUT_RETURN_TYPE = YES_ERROR;
				GCC_WARN_UNDECLARED_SELECTOR = YES;
				GCC_WARN_UNINITIALIZED_AUTOS = YES_AGGRESSIVE;
				GCC_WARN_UNUSED_FUNCTION = YES;
				GCC_WARN_UNUSED_VARIABLE = YES;
				IPHONEOS_DEPLOYMENT_TARGET = 15.5;
				MTL_ENABLE_DEBUG_INFO = NO;
				MTL_FAST_MATH = YES;
				SDKROOT = iphoneos;
				SWIFT_COMPILATION_MODE = wholemodule;
				SWIFT_OPTIMIZATION_LEVEL = "-O";
				VALIDATE_PRODUCT = YES;
			};
			name = Release;
		};
		CB123FB728C8EFDC00819B95 /* Debug */ = {
			isa = XCBuildConfiguration;
			buildSettings = {
				ASSETCATALOG_COMPILER_APPICON_NAME = AppIcon;
				ASSETCATALOG_COMPILER_GLOBAL_ACCENT_COLOR_NAME = AccentColor;
				CODE_SIGN_STYLE = Automatic;
				CURRENT_PROJECT_VERSION = 1;
				DEVELOPMENT_ASSET_PATHS = "\"Bullseye/Preview Content\"";
				DEVELOPMENT_TEAM = 523W826V48;
				ENABLE_PREVIEWS = YES;
				GENERATE_INFOPLIST_FILE = YES;
				INFOPLIST_KEY_UIApplicationSceneManifest_Generation = YES;
				INFOPLIST_KEY_UIApplicationSupportsIndirectInputEvents = YES;
				INFOPLIST_KEY_UILaunchScreen_Generation = YES;
				INFOPLIST_KEY_UISupportedInterfaceOrientations_iPad = "UIInterfaceOrientationPortrait UIInterfaceOrientationPortraitUpsideDown UIInterfaceOrientationLandscapeLeft UIInterfaceOrientationLandscapeRight";
				INFOPLIST_KEY_UISupportedInterfaceOrientations_iPhone = "UIInterfaceOrientationPortrait UIInterfaceOrientationLandscapeLeft UIInterfaceOrientationLandscapeRight";
				LD_RUNPATH_SEARCH_PATHS = (
					"$(inherited)",
					"@executable_path/Frameworks",
				);
				MARKETING_VERSION = 1.0;
				PRODUCT_BUNDLE_IDENTIFIER = com.margi.Bullseye;
				PRODUCT_NAME = "$(TARGET_NAME)";
				SWIFT_EMIT_LOC_STRINGS = YES;
				SWIFT_VERSION = 5.0;
				TARGETED_DEVICE_FAMILY = "1,2";
			};
			name = Debug;
		};
		CB123FB828C8EFDC00819B95 /* Release */ = {
			isa = XCBuildConfiguration;
			buildSettings = {
				ASSETCATALOG_COMPILER_APPICON_NAME = AppIcon;
				ASSETCATALOG_COMPILER_GLOBAL_ACCENT_COLOR_NAME = AccentColor;
				CODE_SIGN_STYLE = Automatic;
				CURRENT_PROJECT_VERSION = 1;
				DEVELOPMENT_ASSET_PATHS = "\"Bullseye/Preview Content\"";
				DEVELOPMENT_TEAM = 523W826V48;
				ENABLE_PREVIEWS = YES;
				GENERATE_INFOPLIST_FILE = YES;
				INFOPLIST_KEY_UIApplicationSceneManifest_Generation = YES;
				INFOPLIST_KEY_UIApplicationSupportsIndirectInputEvents = YES;
				INFOPLIST_KEY_UILaunchScreen_Generation = YES;
				INFOPLIST_KEY_UISupportedInterfaceOrientations_iPad = "UIInterfaceOrientationPortrait UIInterfaceOrientationPortraitUpsideDown UIInterfaceOrientationLandscapeLeft UIInterfaceOrientationLandscapeRight";
				INFOPLIST_KEY_UISupportedInterfaceOrientations_iPhone = "UIInterfaceOrientationPortrait UIInterfaceOrientationLandscapeLeft UIInterfaceOrientationLandscapeRight";
				LD_RUNPATH_SEARCH_PATHS = (
					"$(inherited)",
					"@executable_path/Frameworks",
				);
				MARKETING_VERSION = 1.0;
				PRODUCT_BUNDLE_IDENTIFIER = com.margi.Bullseye;
				PRODUCT_NAME = "$(TARGET_NAME)";
				SWIFT_EMIT_LOC_STRINGS = YES;
				SWIFT_VERSION = 5.0;
				TARGETED_DEVICE_FAMILY = "1,2";
			};
			name = Release;
		};
		CBBAC07128CB95E80062C345 /* Debug */ = {
			isa = XCBuildConfiguration;
			buildSettings = {
				BUNDLE_LOADER = "$(TEST_HOST)";
				CODE_SIGN_STYLE = Automatic;
				CURRENT_PROJECT_VERSION = 1;
				GENERATE_INFOPLIST_FILE = YES;
				MARKETING_VERSION = 1.0;
				PRODUCT_BUNDLE_IDENTIFIER = com.margi.BullseyeTests;
				PRODUCT_NAME = "$(TARGET_NAME)";
				SWIFT_EMIT_LOC_STRINGS = NO;
				SWIFT_VERSION = 5.0;
				TARGETED_DEVICE_FAMILY = "1,2";
				TEST_HOST = "$(BUILT_PRODUCTS_DIR)/Bullseye.app/Bullseye";
			};
			name = Debug;
		};
		CBBAC07228CB95E80062C345 /* Release */ = {
			isa = XCBuildConfiguration;
			buildSettings = {
				BUNDLE_LOADER = "$(TEST_HOST)";
				CODE_SIGN_STYLE = Automatic;
				CURRENT_PROJECT_VERSION = 1;
				GENERATE_INFOPLIST_FILE = YES;
				MARKETING_VERSION = 1.0;
				PRODUCT_BUNDLE_IDENTIFIER = com.margi.BullseyeTests;
				PRODUCT_NAME = "$(TARGET_NAME)";
				SWIFT_EMIT_LOC_STRINGS = NO;
				SWIFT_VERSION = 5.0;
				TARGETED_DEVICE_FAMILY = "1,2";
				TEST_HOST = "$(BUILT_PRODUCTS_DIR)/Bullseye.app/Bullseye";
			};
			name = Release;
		};
/* End XCBuildConfiguration section */

/* Begin XCConfigurationList section */
		CB123FA328C8EFDA00819B95 /* Build configuration list for PBXProject "Bullseye" */ = {
			isa = XCConfigurationList;
			buildConfigurations = (
				CB123FB428C8EFDC00819B95 /* Debug */,
				CB123FB528C8EFDC00819B95 /* Release */,
			);
			defaultConfigurationIsVisible = 0;
			defaultConfigurationName = Release;
		};
		CB123FB628C8EFDC00819B95 /* Build configuration list for PBXNativeTarget "Bullseye" */ = {
			isa = XCConfigurationList;
			buildConfigurations = (
				CB123FB728C8EFDC00819B95 /* Debug */,
				CB123FB828C8EFDC00819B95 /* Release */,
			);
			defaultConfigurationIsVisible = 0;
			defaultConfigurationName = Release;
		};
		CBBAC07028CB95E80062C345 /* Build configuration list for PBXNativeTarget "BullseyeTests" */ = {
			isa = XCConfigurationList;
			buildConfigurations = (
				CBBAC07128CB95E80062C345 /* Debug */,
				CBBAC07228CB95E80062C345 /* Release */,
			);
			defaultConfigurationIsVisible = 0;
			defaultConfigurationName = Release;
		};
/* End XCConfigurationList section */
	};
	rootObject = CB123FA028C8EFDA00819B95 /* Project object */;
}
